
Microsoft Visual Studio Solution File, Format Version 12.00
# Visual Studio Version 16
VisualStudioVersion = 16.0.33328.57
MinimumVisualStudioVersion = 10.0.40219.1
Project("{FAE04EC0-301F-11D3-BF4B-00C04F79EFBC}") = "CRUD", "CRUD\CRUD.csproj", "{5642240C-4E3D-4431-AF4E-1F5D50A0AC06}"
EndProject
Global
	GlobalSection(SolutionConfigurationPlatforms) = preSolution
		Debug|Any CPU = Debug|Any CPU
		Release|Any CPU = Release|Any CPU
	EndGlobalSection
	GlobalSection(ProjectConfigurationPlatforms) = postSolution
		{5642240C-4E3D-4431-AF4E-1F5D50A0AC06}.Debug|Any CPU.ActiveCfg = Debug|Any CPU
		{5642240C-4E3D-4431-AF4E-1F5D50A0AC06}.Debug|Any CPU.Build.0 = Debug|Any CPU
		{5642240C-4E3D-4431-AF4E-1F5D50A0AC06}.Release|Any CPU.ActiveCfg = Release|Any CPU
		{5642240C-4E3D-4431-AF4E-1F5D50A0AC06}.Release|Any CPU.Build.0 = Release|Any CPU
	EndGlobalSection
	GlobalSection(SolutionProperties) = preSolution
		HideSolutionNode = FALSE
	EndGlobalSection
	GlobalSection(ExtensibilityGlobals) = postSolution
		SolutionGuid = {589BF54C-15CF-42C1-B49A-F221256E76F1}
	EndGlobalSection
EndGlobal
